
Microsoft Visual Studio Solution File, Format Version 12.00
# Visual Studio Version 16
VisualStudioVersion = 16.0.30804.86
MinimumVisualStudioVersion = 10.0.40219.1
Project("{8BC9CEB8-8B4A-11D0-8D11-00A0C91BC942}") = "Windows form 07062021", "Windows form 07062021.vcxproj", "{61BB9B03-2892-4E56-85C8-8AAE0D254600}"
EndProject
Global
	GlobalSection(SolutionConfigurationPlatforms) = preSolution
		Debug|x64 = Debug|x64
		Debug|x86 = Debug|x86
		Release|x64 = Release|x64
		Release|x86 = Release|x86
	EndGlobalSection
	GlobalSection(ProjectConfigurationPlatforms) = postSolution
		{61BB9B03-2892-4E56-85C8-8AAE0D254600}.Debug|x64.ActiveCfg = Debug|x64
		{61BB9B03-2892-4E56-85C8-8AAE0D254600}.Debug|x64.Build.0 = Debug|x64
		{61BB9B03-2892-4E56-85C8-8AAE0D254600}.Debug|x86.ActiveCfg = Debug|Win32
		{61BB9B03-2892-4E56-85C8-8AAE0D254600}.Debug|x86.Build.0 = Debug|Win32
		{61BB9B03-2892-4E56-85C8-8AAE0D254600}.Release|x64.ActiveCfg = Release|x64
		{61BB9B03-2892-4E56-85C8-8AAE0D254600}.Release|x64.Build.0 = Release|x64
		{61BB9B03-2892-4E56-85C8-8AAE0D254600}.Release|x86.ActiveCfg = Release|Win32
		{61BB9B03-2892-4E56-85C8-8AAE0D254600}.Release|x86.Build.0 = Release|Win32
	EndGlobalSection
	GlobalSection(SolutionProperties) = preSolution
		HideSolutionNode = FALSE
	EndGlobalSection
	GlobalSection(ExtensibilityGlobals) = postSolution
		SolutionGuid = {95A17B5A-6669-4B05-A98F-6FDEC1DAE7AF}
	EndGlobalSection
EndGlobal
